{
  "requires": true,
  "lockfileVersion": 1,
  "dependencies": {
    "fuzzy-matching": {
      "version": "0.4.3",
      "resolved": "https://registry.npmjs.org/fuzzy-matching/-/fuzzy-matching-0.4.3.tgz",
      "integrity": "sha1-NBqc/iLG6BZyN8DkDu8u1Ne2H88=",
      "requires": {
        "fuzzyset.js": "0.0.1"
      }
    },
    "fuzzyset.js": {
      "version": "0.0.1",
      "resolved": "https://registry.npmjs.org/fuzzyset.js/-/fuzzyset.js-0.0.1.tgz",
      "integrity": "sha1-l54i+UUbSzjwUfeTfJGdusxpKVg="
    }
  }
}
